
Microsoft Visual Studio Solution File, Format Version 12.00
# Visual Studio Version 17
VisualStudioVersion = 17.5.33502.453
MinimumVisualStudioVersion = 10.0.40219.1
Project("{9A19103F-16F7-4668-BE54-9A1E7A4F7556}") = "Skynet_fabiancollao", "Skynet_fabiancollao\Skynet_fabiancollao.csproj", "{40B159B0-1A0B-4712-BB77-743E24601194}"
EndProject
Project("{FAE04EC0-301F-11D3-BF4B-00C04F79EFBC}") = "AdminTerminator_ClassLibrary", "AdminTerminator_ClassLibrary\AdminTerminator_ClassLibrary.csproj", "{C5C91BBE-5476-40DD-B5EA-2562841699A2}"
EndProject
Global
	GlobalSection(SolutionConfigurationPlatforms) = preSolution
		Debug|Any CPU = Debug|Any CPU
		Release|Any CPU = Release|Any CPU
	EndGlobalSection
	GlobalSection(ProjectConfigurationPlatforms) = postSolution
		{40B159B0-1A0B-4712-BB77-743E24601194}.Debug|Any CPU.ActiveCfg = Debug|Any CPU
		{40B159B0-1A0B-4712-BB77-743E24601194}.Debug|Any CPU.Build.0 = Debug|Any CPU
		{40B159B0-1A0B-4712-BB77-743E24601194}.Release|Any CPU.ActiveCfg = Release|Any CPU
		{40B159B0-1A0B-4712-BB77-743E24601194}.Release|Any CPU.Build.0 = Release|Any CPU
		{C5C91BBE-5476-40DD-B5EA-2562841699A2}.Debug|Any CPU.ActiveCfg = Debug|Any CPU
		{C5C91BBE-5476-40DD-B5EA-2562841699A2}.Debug|Any CPU.Build.0 = Debug|Any CPU
		{C5C91BBE-5476-40DD-B5EA-2562841699A2}.Release|Any CPU.ActiveCfg = Release|Any CPU
		{C5C91BBE-5476-40DD-B5EA-2562841699A2}.Release|Any CPU.Build.0 = Release|Any CPU
	EndGlobalSection
	GlobalSection(SolutionProperties) = preSolution
		HideSolutionNode = FALSE
	EndGlobalSection
	GlobalSection(ExtensibilityGlobals) = postSolution
		SolutionGuid = {F9BAFCE6-610C-423F-ACBE-79246E95BA41}
	EndGlobalSection
EndGlobal
